version: 7
platforms:
- name: osx-arm64
  virtual-packages:
  - __unix=0=0
  - __osx=13.0
  - __archspec=0=m1
environments:
  default:
    channels:
    - url: https://conda.anaconda.org/conda-forge/
    packages:
      osx-arm64:
      - conda: https://conda.anaconda.org/conda-forge/osx-arm64/icu-78.3-py310h579977c_2.conda
      - conda: https://conda.anaconda.org/conda-forge/osx-arm64/libclang-cpp20.1-20.1.8-default_h675fcf3_17.conda
      - conda: https://conda.anaconda.org/conda-forge/osx-arm64/libcxx-20.1.8-hf598326_3.conda
      - conda: https://conda.anaconda.org/conda-forge/osx-arm64/libiconv-1.18-he4c29f2_3.conda
      - conda: https://conda.anaconda.org/conda-forge/osx-arm64/libllvm20-20.1.8-h8e0c9ce_1.conda
      - conda: https://conda.anaconda.org/conda-forge/osx-arm64/liblzma-5.8.3-h8088a28_1.conda
      - conda: https://conda.anaconda.org/conda-forge/osx-arm64/libxml2-16-2.15.4-heb56d2d_0.conda
      - conda: https://conda.anaconda.org/conda-forge/osx-arm64/libxml2-2.15.4-h550178d_0.conda
      - conda: https://conda.anaconda.org/conda-forge/osx-arm64/libzlib-1.3.2-h8088a28_3.conda
      - conda: https://conda.anaconda.org/conda-forge/osx-arm64/zig-0.15.2-hb3190e7_30.conda
      - conda: https://conda.anaconda.org/conda-forge/osx-arm64/zig_impl_osx-arm64-0.15.2-h7e5b153_30.conda
      - conda: https://conda.anaconda.org/conda-forge/osx-arm64/zig_osx-arm64-0.15.2-h471034f_30.conda
      - conda: https://conda.anaconda.org/conda-forge/osx-arm64/zstd-1.5.7-hf451053_7.conda
packages:
- conda: https://conda.anaconda.org/conda-forge/osx-arm64/icu-78.3-py310h579977c_2.conda
  sha256: 6cdb5dee54c72e56ab189fb3ad33cb28533553d42590e7e831160248f4416a43
  md5: a5efc0b42bb8b42e97d0a29ae3e3c187
  depends:
  - __osx >=11.0
  license: MIT
  license_family: MIT
  run_exports:
    weak:
    - icu >=78.3,<79.0a0
  size: 14070242
  timestamp: 1786545847761
- conda: https://conda.anaconda.org/conda-forge/osx-arm64/libclang-cpp20.1-20.1.8-default_h675fcf3_17.conda
  sha256: 8c40e0eb1cb8d89b014cb46e287cd2f7f34465e825b78cbdd889771a31aa58b3
  md5: a3ea890026735a486bdff78a0aea63c2
  depends:
  - __osx >=11.0
  - libcxx >=20.1.8
  - libllvm20 >=20.1.8,<20.2.0a0
  license: Apache-2.0 WITH LLVM-exception
  license_family: Apache
  run_exports:
    weak:
    - libclang-cpp20.1 >=20.1.8,<20.2.0a0
  size: 13974771
  timestamp: 1788477890228
- conda: https://conda.anaconda.org/conda-forge/osx-arm64/libcxx-20.1.8-hf598326_3.conda
  sha256: 3c2c31d0a289a15317340af3c270d6ec1439486763990c2886e97438fae443ef
  md5: 24ea7d71e4908ab05ddee3919fbc9877
  depends:
  - __osx >=11.0
  license: Apache-2.0 WITH LLVM-exception
  license_family: Apache
  run_exports: {}
  size: 566107
  timestamp: 1764631826715
- conda: https://conda.anaconda.org/conda-forge/osx-arm64/libiconv-1.18-he4c29f2_3.conda
  sha256: 689a14968267f2f97c07112fca5636e7d756036b9aee969911267c20bd3eea1f
  md5: 17f4744c0873e9f77ac9b5cd0a27c187
  depends:
  - __osx >=11.0
  license: LGPL-2.1-only
  run_exports:
    weak:
    - libiconv >=1.18,<2.0a0
  size: 750816
  timestamp: 1787033961086
- conda: https://conda.anaconda.org/conda-forge/osx-arm64/libllvm20-20.1.8-h8e0c9ce_1.conda
  sha256: 6639cbbde4143b14b666db9dc33beddbf6772317a42d317c8c5162b9524bd24a
  md5: 717f1efdf0a0240255c7c34d55889d58
  depends:
  - __osx >=11.0
  - libcxx >=19
  - libxml2
  - libxml2-16 >=2.14.5
  - libzlib >=1.3.1,<2.0a0
  - zstd >=1.5.7,<1.6.0a0
  license: Apache-2.0 WITH LLVM-exception
  license_family: Apache
  run_exports:
    weak:
    - libllvm20 >=20.1.8,<20.2.0a0
  size: 28800783
  timestamp: 1757354439972
- conda: https://conda.anaconda.org/conda-forge/osx-arm64/liblzma-5.8.3-h8088a28_1.conda
  sha256: 23d0630046a3e8b164d8f80f2b74ed2605af2e7050ab9913018056402fae4311
  md5: 8ab10323068b107661a4b9a4af84f3b5
  depends:
  - __osx >=11.0
  constrains:
  - xz 5.8.3.*
  license: 0BSD
  run_exports:
    weak:
    - liblzma >=5.8.3,<6.0a0
  size: 91720
  timestamp: 1786348695846
- conda: https://conda.anaconda.org/conda-forge/osx-arm64/libxml2-16-2.15.4-heb56d2d_0.conda
  sha256: 8a26f7c94ab849c1930da36c298f4b82e892382b70ae865cd7274188d9d783e2
  md5: b40633f711a5eb8617917e0e944b9965
  depends:
  - __osx >=11.0
  - icu >=78.3,<79.0a0
  - libiconv >=1.18,<2.0a0
  - liblzma >=5.8.3,<6.0a0
  - libzlib >=1.3.2,<2.0a0
  constrains:
  - libxml2 2.15.4
  license: MIT
  license_family: MIT
  run_exports: {}
  size: 469299
  timestamp: 1788635201153
- conda: https://conda.anaconda.org/conda-forge/osx-arm64/libxml2-2.15.4-h550178d_0.conda
  sha256: 81217fcd4d4abdc69ee63cdb9cdb22e05a20b9ba7a76f596579914a838fe5960
  md5: 4b97a34d06740b578c32deba195daf5a
  depends:
  - __osx >=11.0
  - icu >=78.3,<79.0a0
  - libiconv >=1.18,<2.0a0
  - liblzma >=5.8.3,<6.0a0
  - libxml2-16 2.15.4 heb56d2d_0
  - libzlib >=1.3.2,<2.0a0
  license: MIT
  license_family: MIT
  run_exports:
    weak:
    - libxml2
    - libxml2-16 >=2.15.4
  size: 41375
  timestamp: 1788635206084
- conda: https://conda.anaconda.org/conda-forge/osx-arm64/libzlib-1.3.2-h8088a28_3.conda
  sha256: a18fa5d5bac452401459f966cf0d872224e8080c4ff93c77e168d43ab42ef9d7
  md5: f39288f0ea63ae962e1a2e4f355a0d75
  depends:
  - __osx >=11.0
  constrains:
  - zlib 1.3.2 *_3
  license: Zlib
  license_family: Other
  run_exports:
    weak:
    - libzlib >=1.3.2,<2.0a0
  size: 47822
  timestamp: 1785277049190
- conda: https://conda.anaconda.org/conda-forge/osx-arm64/zig-0.15.2-hb3190e7_30.conda
  sha256: 042d0b38d36789953a27c1a22ad62eb7dc6a6ae97e7692b4626ea354977e7d39
  md5: 6b9d7d96db50363671ee62c46a47ff19
  depends:
  - zig_osx-arm64 ==0.15.2 h471034f_30
  license: MIT AND LicenseRef-Public-Domain
  run_exports:
    weak:
    - zig >=0.15.2,<0.15.3.0a0
  size: 128408
  timestamp: 1783215480569
- conda: https://conda.anaconda.org/conda-forge/osx-arm64/zig_impl_osx-arm64-0.15.2-h7e5b153_30.conda
  sha256: 5f1a34846eccddcff8fd3ef74f69695df9cdb758b32fb086424f7c4e2ac08808
  md5: b0fd3098cd755401e29f52bd110769aa
  depends:
  - libcxx 20.*
  - libcxx >=20
  - __osx >=11.0
  - libzlib >=1.3.2,<2.0a0
  - libxml2
  - libxml2-16 >=2.14.6
  - zstd >=1.5.7,<1.6.0a0
  - libllvm20 >=20.1.8,<20.2.0a0
  - libclang-cpp20.1 >=20.1.8,<20.2.0a0
  license: MIT AND LicenseRef-Public-Domain
  run_exports: {}
  size: 60975204
  timestamp: 1783215480569
- conda: https://conda.anaconda.org/conda-forge/osx-arm64/zig_osx-arm64-0.15.2-h471034f_30.conda
  sha256: 64bd7b6577e65cc29d923a369f686554dc402ff7cad4ff4e22674c6a509b0b0f
  md5: 73f0c5eea1aab0b9d8213eb3547e64f0
  depends:
  - zig_impl_osx-arm64 ==0.15.2 h7e5b153_30
  license: MIT AND LicenseRef-Public-Domain
  run_exports: {}
  size: 143914
  timestamp: 1783215480569
- conda: https://conda.anaconda.org/conda-forge/osx-arm64/zstd-1.5.7-hf451053_7.conda
  sha256: da867f5092eb0cb746d353694f0098031fd9817a4ce7d5743121209ae0f406ca
  md5: 4ec2684c73812cc2c3d78379384a39cc
  depends:
  - __osx >=11.0
  - libzlib >=1.3.2,<2.0a0
  license: BSD-3-Clause
  license_family: BSD
  run_exports:
    weak:
    - zstd >=1.5.7,<1.6.0a0
  size: 433687
  timestamp: 1786599629846
